// !$*UTF8*$!
{
	archiveVersion = 1;
	classes = {
	};
	objectVersion = 56;
	objects = {

/* Begin PBXBuildFile section */
		09AB7BDF2B11D08F0073EAD5 /* ECommerceViewPracApp.swift in Sources */ = {isa = PBXBuildFile; fileRef = 09AB7BDE2B11D08F0073EAD5 /* ECommerceViewPracApp.swift */; };
		09AB7BE12B11D08F0073EAD5 /* LoginView.swift in Sources */ = {isa = PBXBuildFile; fileRef = 09AB7BE02B11D08F0073EAD5 /* LoginView.swift */; };
		09AB7BE32B11D0910073EAD5 /* Assets.xcassets in Resources */ = {isa = PBXBuildFile; fileRef = 09AB7BE22B11D0910073EAD5 /* Assets.xcassets */; };
		09AB7BE62B11D0910073EAD5 /* Preview Assets.xcassets in Resources */ = {isa = PBXBuildFile; fileRef = 09AB7BE52B11D0910073EAD5 /* Preview Assets.xcassets */; };
		09AB7BEE2B11D3110073EAD5 /* CustomButtons.swift in Sources */ = {isa = PBXBuildFile; fileRef = 09AB7BED2B11D3110073EAD5 /* CustomButtons.swift */; };
		09AB7BF02B11D47F0073EAD5 /* Colors.xcassets in Resources */ = {isa = PBXBuildFile; fileRef = 09AB7BEF2B11D47F0073EAD5 /* Colors.xcassets */; };
		09AB7BF22B11D6CB0073EAD5 /* CustomTexts.swift in Sources */ = {isa = PBXBuildFile; fileRef = 09AB7BF12B11D6CB0073EAD5 /* CustomTexts.swift */; };
		09AB7BF42B11DB0C0073EAD5 /* ButtonStyle + .swift in Sources */ = {isa = PBXBuildFile; fileRef = 09AB7BF32B11DB0C0073EAD5 /* ButtonStyle + .swift */; };
		09AB7BF72B11E9C10073EAD5 /* CustomLoginDialog.swift in Sources */ = {isa = PBXBuildFile; fileRef = 09AB7BF62B11E9C10073EAD5 /* CustomLoginDialog.swift */; };
		09AB7BF92B124B940073EAD5 /* CustomTextFieldType.swift in Sources */ = {isa = PBXBuildFile; fileRef = 09AB7BF82B124B940073EAD5 /* CustomTextFieldType.swift */; };
		09AB7BFB2B12EFC10073EAD5 /* PassWordResetView.swift in Sources */ = {isa = PBXBuildFile; fileRef = 09AB7BFA2B12EFC10073EAD5 /* PassWordResetView.swift */; };
		09AB7BFD2B12F2910073EAD5 /* GrayTextField.swift in Sources */ = {isa = PBXBuildFile; fileRef = 09AB7BFC2B12F2910073EAD5 /* GrayTextField.swift */; };
		09AB7BFF2B12F6D10073EAD5 /* PasswordTextField.swift in Sources */ = {isa = PBXBuildFile; fileRef = 09AB7BFE2B12F6D10073EAD5 /* PasswordTextField.swift */; };
		09AB7C012B12FF780073EAD5 /* VerificationView.swift in Sources */ = {isa = PBXBuildFile; fileRef = 09AB7C002B12FF780073EAD5 /* VerificationView.swift */; };
		09AB7C092B142C620073EAD5 /* CreateAccountView.swift in Sources */ = {isa = PBXBuildFile; fileRef = 09AB7C082B142C620073EAD5 /* CreateAccountView.swift */; };
		09AB7C0B2B1430920073EAD5 /* PasswordAndProfileCreateView.swift in Sources */ = {isa = PBXBuildFile; fileRef = 09AB7C0A2B1430920073EAD5 /* PasswordAndProfileCreateView.swift */; };
		09AB7C0D2B1436EA0073EAD5 /* Regex.swift in Sources */ = {isa = PBXBuildFile; fileRef = 09AB7C0C2B1436EA0073EAD5 /* Regex.swift */; };
		09AB7C0F2B14CC940073EAD5 /* CustomProductGridCell.swift in Sources */ = {isa = PBXBuildFile; fileRef = 09AB7C0E2B14CC940073EAD5 /* CustomProductGridCell.swift */; };
		09AB7C122B1771620073EAD5 /* HomeView.swift in Sources */ = {isa = PBXBuildFile; fileRef = 09AB7C112B1771620073EAD5 /* HomeView.swift */; };
		09AB7C142B17746D0073EAD5 /* MainTabView.swift in Sources */ = {isa = PBXBuildFile; fileRef = 09AB7C132B17746D0073EAD5 /* MainTabView.swift */; };
		09AB7C3C2B18C4490073EAD5 /* CommerceScrollView.swift in Sources */ = {isa = PBXBuildFile; fileRef = 09AB7C3B2B18C4490073EAD5 /* CommerceScrollView.swift */; };
		09AB7C472B1B40920073EAD5 /* CustomCommerceGridCell.swift in Sources */ = {isa = PBXBuildFile; fileRef = 09AB7C462B1B40920073EAD5 /* CustomCommerceGridCell.swift */; };
		09AB7C492B1C59A70073EAD5 /* CategoriesScrollView.swift in Sources */ = {isa = PBXBuildFile; fileRef = 09AB7C482B1C59A70073EAD5 /* CategoriesScrollView.swift */; };
		09AB7C4B2B1C5A190073EAD5 /* CustomCategoryGridCell.swift in Sources */ = {isa = PBXBuildFile; fileRef = 09AB7C4A2B1C5A190073EAD5 /* CustomCategoryGridCell.swift */; };
		09AB7C4E2B1C5FC30073EAD5 /* CommerceData.swift in Sources */ = {isa = PBXBuildFile; fileRef = 09AB7C4D2B1C5FC30073EAD5 /* CommerceData.swift */; };
		09AB7C502B1C60300073EAD5 /* CategoryData.swift in Sources */ = {isa = PBXBuildFile; fileRef = 09AB7C4F2B1C60300073EAD5 /* CategoryData.swift */; };
		09AB7C522B1C6A710073EAD5 /* ProductScrollView.swift in Sources */ = {isa = PBXBuildFile; fileRef = 09AB7C512B1C6A710073EAD5 /* ProductScrollView.swift */; };
		09AB7C542B1C6C410073EAD5 /* ProductData.swift in Sources */ = {isa = PBXBuildFile; fileRef = 09AB7C532B1C6C410073EAD5 /* ProductData.swift */; };
		09AB7C562B1C96780073EAD5 /* BannerView.swift in Sources */ = {isa = PBXBuildFile; fileRef = 09AB7C552B1C96780073EAD5 /* BannerView.swift */; };
		09AB7C802B1D888A0073EAD5 /* NewsView.swift in Sources */ = {isa = PBXBuildFile; fileRef = 09AB7C7F2B1D888A0073EAD5 /* NewsView.swift */; };
		09AB7C822B1D88A60073EAD5 /* CustomNewsGridCell.swift in Sources */ = {isa = PBXBuildFile; fileRef = 09AB7C812B1D88A60073EAD5 /* CustomNewsGridCell.swift */; };
/* End PBXBuildFile section */

/* Begin PBXFileReference section */
		09AB7BDB2B11D08F0073EAD5 /* ECommerceViewPrac.app */ = {isa = PBXFileReference; explicitFileType = wrapper.application; includeInIndex = 0; path = ECommerceViewPrac.app; sourceTree = BUILT_PRODUCTS_DIR; };
		09AB7BDE2B11D08F0073EAD5 /* ECommerceViewPracApp.swift */ = {isa = PBXFileReference; lastKnownFileType = sourcecode.swift; path = ECommerceViewPracApp.swift; sourceTree = "<group>"; };
		09AB7BE02B11D08F0073EAD5 /* LoginView.swift */ = {isa = PBXFileReference; lastKnownFileType = sourcecode.swift; path = LoginView.swift; sourceTree = "<group>"; };
		09AB7BE22B11D0910073EAD5 /* Assets.xcassets */ = {isa = PBXFileReference; lastKnownFileType = folder.assetcatalog; path = Assets.xcassets; sourceTree = "<group>"; };
		09AB7BE52B11D0910073EAD5 /* Preview Assets.xcassets */ = {isa = PBXFileReference; lastKnownFileType = folder.assetcatalog; path = "Preview Assets.xcassets"; sourceTree = "<group>"; };
		09AB7BED2B11D3110073EAD5 /* CustomButtons.swift */ = {isa = PBXFileReference; lastKnownFileType = sourcecode.swift; path = CustomButtons.swift; sourceTree = "<group>"; };
		09AB7BEF2B11D47F0073EAD5 /* Colors.xcassets */ = {isa = PBXFileReference; lastKnownFileType = folder.assetcatalog; path = Colors.xcassets; sourceTree = "<group>"; };
		09AB7BF12B11D6CB0073EAD5 /* CustomTexts.swift */ = {isa = PBXFileReference; lastKnownFileType = sourcecode.swift; path = CustomTexts.swift; sourceTree = "<group>"; };
		09AB7BF32B11DB0C0073EAD5 /* ButtonStyle + .swift */ = {isa = PBXFileReference; lastKnownFileType = sourcecode.swift; path = "ButtonStyle + .swift"; sourceTree = "<group>"; };
		09AB7BF62B11E9C10073EAD5 /* CustomLoginDialog.swift */ = {isa = PBXFileReference; lastKnownFileType = sourcecode.swift; path = CustomLoginDialog.swift; sourceTree = "<group>"; };
		09AB7BF82B124B940073EAD5 /* CustomTextFieldType.swift */ = {isa = PBXFileReference; lastKnownFileType = sourcecode.swift; path = CustomTextFieldType.swift; sourceTree = "<group>"; };
		09AB7BFA2B12EFC10073EAD5 /* PassWordResetView.swift */ = {isa = PBXFileReference; lastKnownFileType = sourcecode.swift; path = PassWordResetView.swift; sourceTree = "<group>"; };
		09AB7BFC2B12F2910073EAD5 /* GrayTextField.swift */ = {isa = PBXFileReference; lastKnownFileType = sourcecode.swift; path = GrayTextField.swift; sourceTree = "<group>"; };
		09AB7BFE2B12F6D10073EAD5 /* PasswordTextField.swift */ = {isa = PBXFileReference; lastKnownFileType = sourcecode.swift; path = PasswordTextField.swift; sourceTree = "<group>"; };
		09AB7C002B12FF780073EAD5 /* VerificationView.swift */ = {isa = PBXFileReference; lastKnownFileType = sourcecode.swift; path = VerificationView.swift; sourceTree = "<group>"; };
		09AB7C082B142C620073EAD5 /* CreateAccountView.swift */ = {isa = PBXFileReference; lastKnownFileType = sourcecode.swift; path = CreateAccountView.swift; sourceTree = "<group>"; };
		09AB7C0A2B1430920073EAD5 /* PasswordAndProfileCreateView.swift */ = {isa = PBXFileReference; lastKnownFileType = sourcecode.swift; path = PasswordAndProfileCreateView.swift; sourceTree = "<group>"; };
		09AB7C0C2B1436EA0073EAD5 /* Regex.swift */ = {isa = PBXFileReference; lastKnownFileType = sourcecode.swift; path = Regex.swift; sourceTree = "<group>"; };
		09AB7C0E2B14CC940073EAD5 /* CustomProductGridCell.swift */ = {isa = PBXFileReference; lastKnownFileType = sourcecode.swift; path = CustomProductGridCell.swift; sourceTree = "<group>"; };
		09AB7C112B1771620073EAD5 /* HomeView.swift */ = {isa = PBXFileReference; lastKnownFileType = sourcecode.swift; path = HomeView.swift; sourceTree = "<group>"; };
		09AB7C132B17746D0073EAD5 /* MainTabView.swift */ = {isa = PBXFileReference; lastKnownFileType = sourcecode.swift; path = MainTabView.swift; sourceTree = "<group>"; };
		09AB7C3B2B18C4490073EAD5 /* CommerceScrollView.swift */ = {isa = PBXFileReference; lastKnownFileType = sourcecode.swift; path = CommerceScrollView.swift; sourceTree = "<group>"; };
		09AB7C462B1B40920073EAD5 /* CustomCommerceGridCell.swift */ = {isa = PBXFileReference; lastKnownFileType = sourcecode.swift; path = CustomCommerceGridCell.swift; sourceTree = "<group>"; };
		09AB7C482B1C59A70073EAD5 /* CategoriesScrollView.swift */ = {isa = PBXFileReference; lastKnownFileType = sourcecode.swift; path = CategoriesScrollView.swift; sourceTree = "<group>"; };
		09AB7C4A2B1C5A190073EAD5 /* CustomCategoryGridCell.swift */ = {isa = PBXFileReference; lastKnownFileType = sourcecode.swift; path = CustomCategoryGridCell.swift; sourceTree = "<group>"; };
		09AB7C4D2B1C5FC30073EAD5 /* CommerceData.swift */ = {isa = PBXFileReference; lastKnownFileType = sourcecode.swift; path = CommerceData.swift; sourceTree = "<group>"; };
		09AB7C4F2B1C60300073EAD5 /* CategoryData.swift */ = {isa = PBXFileReference; lastKnownFileType = sourcecode.swift; path = CategoryData.swift; sourceTree = "<group>"; };
		09AB7C512B1C6A710073EAD5 /* ProductScrollView.swift */ = {isa = PBXFileReference; lastKnownFileType = sourcecode.swift; path = ProductScrollView.swift; sourceTree = "<group>"; };
		09AB7C532B1C6C410073EAD5 /* ProductData.swift */ = {isa = PBXFileReference; lastKnownFileType = sourcecode.swift; path = ProductData.swift; sourceTree = "<group>"; };
		09AB7C552B1C96780073EAD5 /* BannerView.swift */ = {isa = PBXFileReference; lastKnownFileType = sourcecode.swift; path = BannerView.swift; sourceTree = "<group>"; };
		09AB7C7F2B1D888A0073EAD5 /* NewsView.swift */ = {isa = PBXFileReference; lastKnownFileType = sourcecode.swift; path = NewsView.swift; sourceTree = "<group>"; };
		09AB7C812B1D88A60073EAD5 /* CustomNewsGridCell.swift */ = {isa = PBXFileReference; lastKnownFileType = sourcecode.swift; path = CustomNewsGridCell.swift; sourceTree = "<group>"; };
/* End PBXFileReference section */

/* Begin PBXFrameworksBuildPhase section */
		09AB7BD82B11D08F0073EAD5 /* Frameworks */ = {
			isa = PBXFrameworksBuildPhase;
			buildActionMask = 2147483647;
			files = (
			);
			runOnlyForDeploymentPostprocessing = 0;
		};
/* End PBXFrameworksBuildPhase section */

/* Begin PBXGroup section */
		09AB7BD22B11D08F0073EAD5 = {
			isa = PBXGroup;
			children = (
				09AB7BDD2B11D08F0073EAD5 /* ECommerceViewPrac */,
				09AB7BDC2B11D08F0073EAD5 /* Products */,
			);
			sourceTree = "<group>";
		};
		09AB7BDC2B11D08F0073EAD5 /* Products */ = {
			isa = PBXGroup;
			children = (
				09AB7BDB2B11D08F0073EAD5 /* ECommerceViewPrac.app */,
			);
			name = Products;
			sourceTree = "<group>";
		};
		09AB7BDD2B11D08F0073EAD5 /* ECommerceViewPrac */ = {
			isa = PBXGroup;
			children = (
				09AB7BDE2B11D08F0073EAD5 /* ECommerceViewPracApp.swift */,
				09AB7C132B17746D0073EAD5 /* MainTabView.swift */,
				09AB7BF52B11E7960073EAD5 /* Login */,
				09AB7C102B14CCD10073EAD5 /* Home */,
				09AB7BEC2B11D2FB0073EAD5 /* Customs */,
				09AB7BE22B11D0910073EAD5 /* Assets.xcassets */,
				09AB7BEF2B11D47F0073EAD5 /* Colors.xcassets */,
				09AB7BE42B11D0910073EAD5 /* Preview Content */,
			);
			path = ECommerceViewPrac;
			sourceTree = "<group>";
		};
		09AB7BE42B11D0910073EAD5 /* Preview Content */ = {
			isa = PBXGroup;
			children = (
				09AB7BE52B11D0910073EAD5 /* Preview Assets.xcassets */,
			);
			path = "Preview Content";
			sourceTree = "<group>";
		};
		09AB7BEC2B11D2FB0073EAD5 /* Customs */ = {
			isa = PBXGroup;
			children = (
				09AB7BED2B11D3110073EAD5 /* CustomButtons.swift */,
				09AB7BF12B11D6CB0073EAD5 /* CustomTexts.swift */,
				09AB7BF62B11E9C10073EAD5 /* CustomLoginDialog.swift */,
				09AB7C0E2B14CC940073EAD5 /* CustomProductGridCell.swift */,
				09AB7C462B1B40920073EAD5 /* CustomCommerceGridCell.swift */,
				09AB7C4A2B1C5A190073EAD5 /* CustomCategoryGridCell.swift */,
				09AB7C812B1D88A60073EAD5 /* CustomNewsGridCell.swift */,
				09AB7BF82B124B940073EAD5 /* CustomTextFieldType.swift */,
				09AB7BFC2B12F2910073EAD5 /* GrayTextField.swift */,
				09AB7BFE2B12F6D10073EAD5 /* PasswordTextField.swift */,
				09AB7BF32B11DB0C0073EAD5 /* ButtonStyle + .swift */,
				09AB7C0C2B1436EA0073EAD5 /* Regex.swift */,
			);
			path = Customs;
			sourceTree = "<group>";
		};
		09AB7BF52B11E7960073EAD5 /* Login */ = {
			isa = PBXGroup;
			children = (
				09AB7BE02B11D08F0073EAD5 /* LoginView.swift */,
				09AB7BFA2B12EFC10073EAD5 /* PassWordResetView.swift */,
				09AB7C002B12FF780073EAD5 /* VerificationView.swift */,
				09AB7C082B142C620073EAD5 /* CreateAccountView.swift */,
				09AB7C0A2B1430920073EAD5 /* PasswordAndProfileCreateView.swift */,
			);
			path = Login;
			sourceTree = "<group>";
		};
		09AB7C102B14CCD10073EAD5 /* Home */ = {
			isa = PBXGroup;
			children = (
				09AB7C112B1771620073EAD5 /* HomeView.swift */,
				09AB7C3B2B18C4490073EAD5 /* CommerceScrollView.swift */,
				09AB7C482B1C59A70073EAD5 /* CategoriesScrollView.swift */,
				09AB7C512B1C6A710073EAD5 /* ProductScrollView.swift */,
				09AB7C552B1C96780073EAD5 /* BannerView.swift */,
				09AB7C7F2B1D888A0073EAD5 /* NewsView.swift */,
				09AB7C4C2B1C5FB40073EAD5 /* Data */,
			);
			path = Home;
			sourceTree = "<group>";
		};
		09AB7C4C2B1C5FB40073EAD5 /* Data */ = {
			isa = PBXGroup;
			children = (
				09AB7C4D2B1C5FC30073EAD5 /* CommerceData.swift */,
				09AB7C4F2B1C60300073EAD5 /* CategoryData.swift */,
				09AB7C532B1C6C410073EAD5 /* ProductData.swift */,
			);
			path = Data;
			sourceTree = "<group>";
		};
/* End PBXGroup section */

/* Begin PBXNativeTarget section */
		09AB7BDA2B11D08F0073EAD5 /* ECommerceViewPrac */ = {
			isa = PBXNativeTarget;
			buildConfigurationList = 09AB7BE92B11D0910073EAD5 /* Build configuration list for PBXNativeTarget "ECommerceViewPrac" */;
			buildPhases = (
				09AB7BD72B11D08F0073EAD5 /* Sources */,
				09AB7BD82B11D08F0073EAD5 /* Frameworks */,
				09AB7BD92B11D08F0073EAD5 /* Resources */,
			);
			buildRules = (
			);
			dependencies = (
			);
			name = ECommerceViewPrac;
			productName = ECommerceViewPrac;
			productReference = 09AB7BDB2B11D08F0073EAD5 /* ECommerceViewPrac.app */;
			productType = "com.apple.product-type.application";
		};
/* End PBXNativeTarget section */

/* Begin PBXProject section */
		09AB7BD32B11D08F0073EAD5 /* Project object */ = {
			isa = PBXProject;
			attributes = {
				BuildIndependentTargetsInParallel = 1;
				LastSwiftUpdateCheck = 1500;
				LastUpgradeCheck = 1500;
				TargetAttributes = {
					09AB7BDA2B11D08F0073EAD5 = {
						CreatedOnToolsVersion = 15.0;
					};
				};
			};
			buildConfigurationList = 09AB7BD62B11D08F0073EAD5 /* Build configuration list for PBXProject "ECommerceViewPrac" */;
			compatibilityVersion = "Xcode 14.0";
			developmentRegion = en;
			hasScannedForEncodings = 0;
			knownRegions = (
				en,
				Base,
			);
			mainGroup = 09AB7BD22B11D08F0073EAD5;
			productRefGroup = 09AB7BDC2B11D08F0073EAD5 /* Products */;
			projectDirPath = "";
			projectRoot = "";
			targets = (
				09AB7BDA2B11D08F0073EAD5 /* ECommerceViewPrac */,
			);
		};
/* End PBXProject section */

/* Begin PBXResourcesBuildPhase section */
		09AB7BD92B11D08F0073EAD5 /* Resources */ = {
			isa = PBXResourcesBuildPhase;
			buildActionMask = 2147483647;
			files = (
				09AB7BF02B11D47F0073EAD5 /* Colors.xcassets in Resources */,
				09AB7BE62B11D0910073EAD5 /* Preview Assets.xcassets in Resources */,
				09AB7BE32B11D0910073EAD5 /* Assets.xcassets in Resources */,
			);
			runOnlyForDeploymentPostprocessing = 0;
		};
/* End PBXResourcesBuildPhase section */

/* Begin PBXSourcesBuildPhase section */
		09AB7BD72B11D08F0073EAD5 /* Sources */ = {
			isa = PBXSourcesBuildPhase;
			buildActionMask = 2147483647;
			files = (
				09AB7BFF2B12F6D10073EAD5 /* PasswordTextField.swift in Sources */,
				09AB7C822B1D88A60073EAD5 /* CustomNewsGridCell.swift in Sources */,
				09AB7C4B2B1C5A190073EAD5 /* CustomCategoryGridCell.swift in Sources */,
				09AB7C0F2B14CC940073EAD5 /* CustomProductGridCell.swift in Sources */,
				09AB7BE12B11D08F0073EAD5 /* LoginView.swift in Sources */,
				09AB7C4E2B1C5FC30073EAD5 /* CommerceData.swift in Sources */,
				09AB7BF92B124B940073EAD5 /* CustomTextFieldType.swift in Sources */,
				09AB7C0D2B1436EA0073EAD5 /* Regex.swift in Sources */,
				09AB7C492B1C59A70073EAD5 /* CategoriesScrollView.swift in Sources */,
				09AB7C502B1C60300073EAD5 /* CategoryData.swift in Sources */,
				09AB7BDF2B11D08F0073EAD5 /* ECommerceViewPracApp.swift in Sources */,
				09AB7BFB2B12EFC10073EAD5 /* PassWordResetView.swift in Sources */,
				09AB7C472B1B40920073EAD5 /* CustomCommerceGridCell.swift in Sources */,
				09AB7C122B1771620073EAD5 /* HomeView.swift in Sources */,
				09AB7BF42B11DB0C0073EAD5 /* ButtonStyle + .swift in Sources */,
				09AB7C142B17746D0073EAD5 /* MainTabView.swift in Sources */,
				09AB7C0B2B1430920073EAD5 /* PasswordAndProfileCreateView.swift in Sources */,
				09AB7C092B142C620073EAD5 /* CreateAccountView.swift in Sources */,
				09AB7BFD2B12F2910073EAD5 /* GrayTextField.swift in Sources */,
				09AB7BEE2B11D3110073EAD5 /* CustomButtons.swift in Sources */,
				09AB7C012B12FF780073EAD5 /* VerificationView.swift in Sources */,
				09AB7C3C2B18C4490073EAD5 /* CommerceScrollView.swift in Sources */,
				09AB7C802B1D888A0073EAD5 /* NewsView.swift in Sources */,
				09AB7C542B1C6C410073EAD5 /* ProductData.swift in Sources */,
				09AB7C522B1C6A710073EAD5 /* ProductScrollView.swift in Sources */,
				09AB7BF22B11D6CB0073EAD5 /* CustomTexts.swift in Sources */,
				09AB7C562B1C96780073EAD5 /* BannerView.swift in Sources */,
				09AB7BF72B11E9C10073EAD5 /* CustomLoginDialog.swift in Sources */,
			);
			runOnlyForDeploymentPostprocessing = 0;
		};
/* End PBXSourcesBuildPhase section */

/* Begin XCBuildConfiguration section */
		09AB7BE72B11D0910073EAD5 /* Debug */ = {
			isa = XCBuildConfiguration;
			buildSettings = {
				ALWAYS_SEARCH_USER_PATHS = NO;
				ASSETCATALOG_COMPILER_GENERATE_SWIFT_ASSET_SYMBOL_EXTENSIONS = YES;
				CLANG_ANALYZER_NONNULL = YES;
				CLANG_ANALYZER_NUMBER_OBJECT_CONVERSION = YES_AGGRESSIVE;
				CLANG_CXX_LANGUAGE_STANDARD = "gnu++20";
				CLANG_ENABLE_MODULES = YES;
				CLANG_ENABLE_OBJC_ARC = YES;
				CLANG_ENABLE_OBJC_WEAK = YES;
				CLANG_WARN_BLOCK_CAPTURE_AUTORELEASING = YES;
				CLANG_WARN_BOOL_CONVERSION = YES;
				CLANG_WARN_COMMA = YES;
				CLANG_WARN_CONSTANT_CONVERSION = YES;
				CLANG_WARN_DEPRECATED_OBJC_IMPLEMENTATIONS = YES;
				CLANG_WARN_DIRECT_OBJC_ISA_USAGE = YES_ERROR;
				CLANG_WARN_DOCUMENTATION_COMMENTS = YES;
				CLANG_WARN_EMPTY_BODY = YES;
				CLANG_WARN_ENUM_CONVERSION = YES;
				CLANG_WARN_INFINITE_RECURSION = YES;
				CLANG_WARN_INT_CONVERSION = YES;
				CLANG_WARN_NON_LITERAL_NULL_CONVERSION = YES;
				CLANG_WARN_OBJC_IMPLICIT_RETAIN_SELF = YES;
				CLANG_WARN_OBJC_LITERAL_CONVERSION = YES;
				CLANG_WARN_OBJC_ROOT_CLASS = YES_ERROR;
				CLANG_WARN_QUOTED_INCLUDE_IN_FRAMEWORK_HEADER = YES;
				CLANG_WARN_RANGE_LOOP_ANALYSIS = YES;
				CLANG_WARN_STRICT_PROTOTYPES = YES;
				CLANG_WARN_SUSPICIOUS_MOVE = YES;
				CLANG_WARN_UNGUARDED_AVAILABILITY = YES_AGGRESSIVE;
				CLANG_WARN_UNREACHABLE_CODE = YES;
				CLANG_WARN__DUPLICATE_METHOD_MATCH = YES;
				COPY_PHASE_STRIP = NO;
				DEBUG_INFORMATION_FORMAT = dwarf;
				ENABLE_STRICT_OBJC_MSGSEND = YES;
				ENABLE_TESTABILITY = YES;
				ENABLE_USER_SCRIPT_SANDBOXING = YES;
				GCC_C_LANGUAGE_STANDARD = gnu17;
				GCC_DYNAMIC_NO_PIC = NO;
				GCC_NO_COMMON_BLOCKS = YES;
				GCC_OPTIMIZATION_LEVEL = 0;
				GCC_PREPROCESSOR_DEFINITIONS = (
					"DEBUG=1",
					"$(inherited)",
				);
				GCC_WARN_64_TO_32_BIT_CONVERSION = YES;
				GCC_WARN_ABOUT_RETURN_TYPE = YES_ERROR;
				GCC_WARN_UNDECLARED_SELECTOR = YES;
				GCC_WARN_UNINITIALIZED_AUTOS = YES_AGGRESSIVE;
				GCC_WARN_UNUSED_FUNCTION = YES;
				GCC_WARN_UNUSED_VARIABLE = YES;
				IPHONEOS_DEPLOYMENT_TARGET = 17.0;
				LOCALIZATION_PREFERS_STRING_CATALOGS = YES;
				MTL_ENABLE_DEBUG_INFO = INCLUDE_SOURCE;
				MTL_FAST_MATH = YES;
				ONLY_ACTIVE_ARCH = YES;
				SDKROOT = iphoneos;
				SWIFT_ACTIVE_COMPILATION_CONDITIONS = "DEBUG $(inherited)";
				SWIFT_OPTIMIZATION_LEVEL = "-Onone";
			};
			name = Debug;
		};
		09AB7BE82B11D0910073EAD5 /* Release */ = {
			isa = XCBuildConfiguration;
			buildSettings = {
				ALWAYS_SEARCH_USER_PATHS = NO;
				ASSETCATALOG_COMPILER_GENERATE_SWIFT_ASSET_SYMBOL_EXTENSIONS = YES;
				CLANG_ANALYZER_NONNULL = YES;
				CLANG_ANALYZER_NUMBER_OBJECT_CONVERSION = YES_AGGRESSIVE;
				CLANG_CXX_LANGUAGE_STANDARD = "gnu++20";
				CLANG_ENABLE_MODULES = YES;
				CLANG_ENABLE_OBJC_ARC = YES;
				CLANG_ENABLE_OBJC_WEAK = YES;
				CLANG_WARN_BLOCK_CAPTURE_AUTORELEASING = YES;
				CLANG_WARN_BOOL_CONVERSION = YES;
				CLANG_WARN_COMMA = YES;
				CLANG_WARN_CONSTANT_CONVERSION = YES;
				CLANG_WARN_DEPRECATED_OBJC_IMPLEMENTATIONS = YES;
				CLANG_WARN_DIRECT_OBJC_ISA_USAGE = YES_ERROR;
				CLANG_WARN_DOCUMENTATION_COMMENTS = YES;
				CLANG_WARN_EMPTY_BODY = YES;
				CLANG_WARN_ENUM_CONVERSION = YES;
				CLANG_WARN_INFINITE_RECURSION = YES;
				CLANG_WARN_INT_CONVERSION = YES;
				CLANG_WARN_NON_LITERAL_NULL_CONVERSION = YES;
				CLANG_WARN_OBJC_IMPLICIT_RETAIN_SELF = YES;
				CLANG_WARN_OBJC_LITERAL_CONVERSION = YES;
				CLANG_WARN_OBJC_ROOT_CLASS = YES_ERROR;
				CLANG_WARN_QUOTED_INCLUDE_IN_FRAMEWORK_HEADER = YES;
				CLANG_WARN_RANGE_LOOP_ANALYSIS = YES;
				CLANG_WARN_STRICT_PROTOTYPES = YES;
				CLANG_WARN_SUSPICIOUS_MOVE = YES;
				CLANG_WARN_UNGUARDED_AVAILABILITY = YES_AGGRESSIVE;
				CLANG_WARN_UNREACHABLE_CODE = YES;
				CLANG_WARN__DUPLICATE_METHOD_MATCH = YES;
				COPY_PHASE_STRIP = NO;
				DEBUG_INFORMATION_FORMAT = "dwarf-with-dsym";
				ENABLE_NS_ASSERTIONS = NO;
				ENABLE_STRICT_OBJC_MSGSEND = YES;
				ENABLE_USER_SCRIPT_SANDBOXING = YES;
				GCC_C_LANGUAGE_STANDARD = gnu17;
				GCC_NO_COMMON_BLOCKS = YES;
				GCC_WARN_64_TO_32_BIT_CONVERSION = YES;
				GCC_WARN_ABOUT_RETURN_TYPE = YES_ERROR;
				GCC_WARN_UNDECLARED_SELECTOR = YES;
				GCC_WARN_UNINITIALIZED_AUTOS = YES_AGGRESSIVE;
				GCC_WARN_UNUSED_FUNCTION = YES;
				GCC_WARN_UNUSED_VARIABLE = YES;
				IPHONEOS_DEPLOYMENT_TARGET = 17.0;
				LOCALIZATION_PREFERS_STRING_CATALOGS = YES;
				MTL_ENABLE_DEBUG_INFO = NO;
				MTL_FAST_MATH = YES;
				SDKROOT = iphoneos;
				SWIFT_COMPILATION_MODE = wholemodule;
				VALIDATE_PRODUCT = YES;
			};
			name = Release;
		};
		09AB7BEA2B11D0910073EAD5 /* Debug */ = {
			isa = XCBuildConfiguration;
			buildSettings = {
				ASSETCATALOG_COMPILER_APPICON_NAME = AppIcon;
				ASSETCATALOG_COMPILER_GLOBAL_ACCENT_COLOR_NAME = AccentColor;
				CODE_SIGN_STYLE = Automatic;
				CURRENT_PROJECT_VERSION = 1;
				DEVELOPMENT_ASSET_PATHS = "\"ECommerceViewPrac/Preview Content\"";
				DEVELOPMENT_TEAM = CT6J74BCFP;
				ENABLE_PREVIEWS = YES;
				GENERATE_INFOPLIST_FILE = YES;
				INFOPLIST_KEY_UIApplicationSceneManifest_Generation = YES;
				INFOPLIST_KEY_UIApplicationSupportsIndirectInputEvents = YES;
				INFOPLIST_KEY_UILaunchScreen_Generation = YES;
				INFOPLIST_KEY_UISupportedInterfaceOrientations_iPad = "UIInterfaceOrientationPortrait UIInterfaceOrientationPortraitUpsideDown UIInterfaceOrientationLandscapeLeft UIInterfaceOrientationLandscapeRight";
				INFOPLIST_KEY_UISupportedInterfaceOrientations_iPhone = "UIInterfaceOrientationPortrait UIInterfaceOrientationLandscapeLeft UIInterfaceOrientationLandscapeRight";
				LD_RUNPATH_SEARCH_PATHS = (
					"$(inherited)",
					"@executable_path/Frameworks",
				);
				MARKETING_VERSION = 1.0;
				PRODUCT_BUNDLE_IDENTIFIER = com.phang.ECommerceViewPrac;
				PRODUCT_NAME = "$(TARGET_NAME)";
				SWIFT_EMIT_LOC_STRINGS = YES;
				SWIFT_VERSION = 5.0;
				TARGETED_DEVICE_FAMILY = "1,2";
			};
			name = Debug;
		};
		09AB7BEB2B11D0910073EAD5 /* Release */ = {
			isa = XCBuildConfiguration;
			buildSettings = {
				ASSETCATALOG_COMPILER_APPICON_NAME = AppIcon;
				ASSETCATALOG_COMPILER_GLOBAL_ACCENT_COLOR_NAME = AccentColor;
				CODE_SIGN_STYLE = Automatic;
				CURRENT_PROJECT_VERSION = 1;
				DEVELOPMENT_ASSET_PATHS = "\"ECommerceViewPrac/Preview Content\"";
				DEVELOPMENT_TEAM = CT6J74BCFP;
				ENABLE_PREVIEWS = YES;
				GENERATE_INFOPLIST_FILE = YES;
				INFOPLIST_KEY_UIApplicationSceneManifest_Generation = YES;
				INFOPLIST_KEY_UIApplicationSupportsIndirectInputEvents = YES;
				INFOPLIST_KEY_UILaunchScreen_Generation = YES;
				INFOPLIST_KEY_UISupportedInterfaceOrientations_iPad = "UIInterfaceOrientationPortrait UIInterfaceOrientationPortraitUpsideDown UIInterfaceOrientationLandscapeLeft UIInterfaceOrientationLandscapeRight";
				INFOPLIST_KEY_UISupportedInterfaceOrientations_iPhone = "UIInterfaceOrientationPortrait UIInterfaceOrientationLandscapeLeft UIInterfaceOrientationLandscapeRight";
				LD_RUNPATH_SEARCH_PATHS = (
					"$(inherited)",
					"@executable_path/Frameworks",
				);
				MARKETING_VERSION = 1.0;
				PRODUCT_BUNDLE_IDENTIFIER = com.phang.ECommerceViewPrac;
				PRODUCT_NAME = "$(TARGET_NAME)";
				SWIFT_EMIT_LOC_STRINGS = YES;
				SWIFT_VERSION = 5.0;
				TARGETED_DEVICE_FAMILY = "1,2";
			};
			name = Release;
		};
/* End XCBuildConfiguration section */

/* Begin XCConfigurationList section */
		09AB7BD62B11D08F0073EAD5 /* Build configuration list for PBXProject "ECommerceViewPrac" */ = {
			isa = XCConfigurationList;
			buildConfigurations = (
				09AB7BE72B11D0910073EAD5 /* Debug */,
				09AB7BE82B11D0910073EAD5 /* Release */,
			);
			defaultConfigurationIsVisible = 0;
			defaultConfigurationName = Release;
		};
		09AB7BE92B11D0910073EAD5 /* Build configuration list for PBXNativeTarget "ECommerceViewPrac" */ = {
			isa = XCConfigurationList;
			buildConfigurations = (
				09AB7BEA2B11D0910073EAD5 /* Debug */,
				09AB7BEB2B11D0910073EAD5 /* Release */,
			);
			defaultConfigurationIsVisible = 0;
			defaultConfigurationName = Release;
		};
/* End XCConfigurationList section */
	};
	rootObject = 09AB7BD32B11D08F0073EAD5 /* Project object */;
}
