// !$*UTF8*$!
{
	archiveVersion = 1;
	classes = {
	};
	objectVersion = 56;
	objects = {

/* Begin PBXBuildFile section */
		0994280A2B4E8AF3003447CC /* EmailLoginPracApp.swift in Sources */ = {isa = PBXBuildFile; fileRef = 099428092B4E8AF3003447CC /* EmailLoginPracApp.swift */; };
		0994280C2B4E8AF3003447CC /* MainView.swift in Sources */ = {isa = PBXBuildFile; fileRef = 0994280B2B4E8AF3003447CC /* MainView.swift */; };
		0994280E2B4E8AF5003447CC /* Assets.xcassets in Resources */ = {isa = PBXBuildFile; fileRef = 0994280D2B4E8AF5003447CC /* Assets.xcassets */; };
		099428112B4E8AF5003447CC /* Preview Assets.xcassets in Resources */ = {isa = PBXBuildFile; fileRef = 099428102B4E8AF5003447CC /* Preview Assets.xcassets */; };
		0994281E2B4E8BED003447CC /* SplashView.swift in Sources */ = {isa = PBXBuildFile; fileRef = 0994281D2B4E8BED003447CC /* SplashView.swift */; };
		099428202B4E8C29003447CC /* ContentView.swift in Sources */ = {isa = PBXBuildFile; fileRef = 0994281F2B4E8C29003447CC /* ContentView.swift */; };
		099428222B4E8C49003447CC /* LoginView.swift in Sources */ = {isa = PBXBuildFile; fileRef = 099428212B4E8C49003447CC /* LoginView.swift */; };
		099428242B4E8C64003447CC /* BackgroudRectangle.swift in Sources */ = {isa = PBXBuildFile; fileRef = 099428232B4E8C64003447CC /* BackgroudRectangle.swift */; };
		099428282B4E8C82003447CC /* EmailAndPassword.swift in Sources */ = {isa = PBXBuildFile; fileRef = 099428272B4E8C82003447CC /* EmailAndPassword.swift */; };
		0994282A2B4E8C8F003447CC /* LoginButton.swift in Sources */ = {isa = PBXBuildFile; fileRef = 099428292B4E8C8F003447CC /* LoginButton.swift */; };
		0994282E2B4E8CD7003447CC /* Regex.swift in Sources */ = {isa = PBXBuildFile; fileRef = 0994282D2B4E8CD7003447CC /* Regex.swift */; };
		099428302B4E8D74003447CC /* NameSpace.swift in Sources */ = {isa = PBXBuildFile; fileRef = 0994282F2B4E8D74003447CC /* NameSpace.swift */; };
		099428322B4E8D8C003447CC /* LoginError.swift in Sources */ = {isa = PBXBuildFile; fileRef = 099428312B4E8D8C003447CC /* LoginError.swift */; };
		099428342B4E8DA4003447CC /* UserData.swift in Sources */ = {isa = PBXBuildFile; fileRef = 099428332B4E8DA4003447CC /* UserData.swift */; };
		099428362B4E8DCA003447CC /* FocusField.swift in Sources */ = {isa = PBXBuildFile; fileRef = 099428352B4E8DCA003447CC /* FocusField.swift */; };
		099428382B4E8DE2003447CC /* UserViewModel.swift in Sources */ = {isa = PBXBuildFile; fileRef = 099428372B4E8DE2003447CC /* UserViewModel.swift */; };
		0994283C2B4E8E06003447CC /* LoginViewModel.swift in Sources */ = {isa = PBXBuildFile; fileRef = 0994283B2B4E8E06003447CC /* LoginViewModel.swift */; };
		0994283E2B4E8E5E003447CC /* Colors.xcassets in Resources */ = {isa = PBXBuildFile; fileRef = 0994283D2B4E8E5E003447CC /* Colors.xcassets */; };
		099428402B4EF1AC003447CC /* EmailAndPasswordTextField.swift in Sources */ = {isa = PBXBuildFile; fileRef = 0994283F2B4EF1AC003447CC /* EmailAndPasswordTextField.swift */; };
/* End PBXBuildFile section */

/* Begin PBXFileReference section */
		099428062B4E8AF3003447CC /* EmailLoginPrac.app */ = {isa = PBXFileReference; explicitFileType = wrapper.application; includeInIndex = 0; path = EmailLoginPrac.app; sourceTree = BUILT_PRODUCTS_DIR; };
		099428092B4E8AF3003447CC /* EmailLoginPracApp.swift */ = {isa = PBXFileReference; lastKnownFileType = sourcecode.swift; path = EmailLoginPracApp.swift; sourceTree = "<group>"; };
		0994280B2B4E8AF3003447CC /* MainView.swift */ = {isa = PBXFileReference; lastKnownFileType = sourcecode.swift; path = MainView.swift; sourceTree = "<group>"; };
		0994280D2B4E8AF5003447CC /* Assets.xcassets */ = {isa = PBXFileReference; lastKnownFileType = folder.assetcatalog; path = Assets.xcassets; sourceTree = "<group>"; };
		099428102B4E8AF5003447CC /* Preview Assets.xcassets */ = {isa = PBXFileReference; lastKnownFileType = folder.assetcatalog; path = "Preview Assets.xcassets"; sourceTree = "<group>"; };
		0994281D2B4E8BED003447CC /* SplashView.swift */ = {isa = PBXFileReference; lastKnownFileType = sourcecode.swift; path = SplashView.swift; sourceTree = "<group>"; };
		0994281F2B4E8C29003447CC /* ContentView.swift */ = {isa = PBXFileReference; lastKnownFileType = sourcecode.swift; path = ContentView.swift; sourceTree = "<group>"; };
		099428212B4E8C49003447CC /* LoginView.swift */ = {isa = PBXFileReference; lastKnownFileType = sourcecode.swift; path = LoginView.swift; sourceTree = "<group>"; };
		099428232B4E8C64003447CC /* BackgroudRectangle.swift */ = {isa = PBXFileReference; lastKnownFileType = sourcecode.swift; path = BackgroudRectangle.swift; sourceTree = "<group>"; };
		099428272B4E8C82003447CC /* EmailAndPassword.swift */ = {isa = PBXFileReference; lastKnownFileType = sourcecode.swift; path = EmailAndPassword.swift; sourceTree = "<group>"; };
		099428292B4E8C8F003447CC /* LoginButton.swift */ = {isa = PBXFileReference; lastKnownFileType = sourcecode.swift; path = LoginButton.swift; sourceTree = "<group>"; };
		0994282D2B4E8CD7003447CC /* Regex.swift */ = {isa = PBXFileReference; lastKnownFileType = sourcecode.swift; path = Regex.swift; sourceTree = "<group>"; };
		0994282F2B4E8D74003447CC /* NameSpace.swift */ = {isa = PBXFileReference; lastKnownFileType = sourcecode.swift; path = NameSpace.swift; sourceTree = "<group>"; };
		099428312B4E8D8C003447CC /* LoginError.swift */ = {isa = PBXFileReference; lastKnownFileType = sourcecode.swift; path = LoginError.swift; sourceTree = "<group>"; };
		099428332B4E8DA4003447CC /* UserData.swift */ = {isa = PBXFileReference; lastKnownFileType = sourcecode.swift; path = UserData.swift; sourceTree = "<group>"; };
		099428352B4E8DCA003447CC /* FocusField.swift */ = {isa = PBXFileReference; lastKnownFileType = sourcecode.swift; path = FocusField.swift; sourceTree = "<group>"; };
		099428372B4E8DE2003447CC /* UserViewModel.swift */ = {isa = PBXFileReference; lastKnownFileType = sourcecode.swift; path = UserViewModel.swift; sourceTree = "<group>"; };
		0994283B2B4E8E06003447CC /* LoginViewModel.swift */ = {isa = PBXFileReference; lastKnownFileType = sourcecode.swift; path = LoginViewModel.swift; sourceTree = "<group>"; };
		0994283D2B4E8E5E003447CC /* Colors.xcassets */ = {isa = PBXFileReference; lastKnownFileType = folder.assetcatalog; path = Colors.xcassets; sourceTree = "<group>"; };
		0994283F2B4EF1AC003447CC /* EmailAndPasswordTextField.swift */ = {isa = PBXFileReference; lastKnownFileType = sourcecode.swift; path = EmailAndPasswordTextField.swift; sourceTree = "<group>"; };
/* End PBXFileReference section */

/* Begin PBXFrameworksBuildPhase section */
		099428032B4E8AF3003447CC /* Frameworks */ = {
			isa = PBXFrameworksBuildPhase;
			buildActionMask = 2147483647;
			files = (
			);
			runOnlyForDeploymentPostprocessing = 0;
		};
/* End PBXFrameworksBuildPhase section */

/* Begin PBXGroup section */
		099427FD2B4E8AF3003447CC = {
			isa = PBXGroup;
			children = (
				099428082B4E8AF3003447CC /* EmailLoginPrac */,
				099428072B4E8AF3003447CC /* Products */,
			);
			sourceTree = "<group>";
		};
		099428072B4E8AF3003447CC /* Products */ = {
			isa = PBXGroup;
			children = (
				099428062B4E8AF3003447CC /* EmailLoginPrac.app */,
			);
			name = Products;
			sourceTree = "<group>";
		};
		099428082B4E8AF3003447CC /* EmailLoginPrac */ = {
			isa = PBXGroup;
			children = (
				099428092B4E8AF3003447CC /* EmailLoginPracApp.swift */,
				099428182B4E8B23003447CC /* View */,
				099428172B4E8B15003447CC /* ViewModel */,
				0994282C2B4E8CC4003447CC /* Model */,
				0994282B2B4E8C9C003447CC /* Utils */,
				0994280D2B4E8AF5003447CC /* Assets.xcassets */,
				0994283D2B4E8E5E003447CC /* Colors.xcassets */,
				0994280F2B4E8AF5003447CC /* Preview Content */,
			);
			path = EmailLoginPrac;
			sourceTree = "<group>";
		};
		0994280F2B4E8AF5003447CC /* Preview Content */ = {
			isa = PBXGroup;
			children = (
				099428102B4E8AF5003447CC /* Preview Assets.xcassets */,
			);
			path = "Preview Content";
			sourceTree = "<group>";
		};
		099428172B4E8B15003447CC /* ViewModel */ = {
			isa = PBXGroup;
			children = (
				099428392B4E8DE9003447CC /* User */,
				0994283A2B4E8DF3003447CC /* Login */,
			);
			path = ViewModel;
			sourceTree = "<group>";
		};
		099428182B4E8B23003447CC /* View */ = {
			isa = PBXGroup;
			children = (
				0994281F2B4E8C29003447CC /* ContentView.swift */,
				0994281B2B4E8BAC003447CC /* Splash */,
				0994281A2B4E8BA4003447CC /* Login */,
				099428192B4E8B99003447CC /* Main */,
			);
			path = View;
			sourceTree = "<group>";
		};
		099428192B4E8B99003447CC /* Main */ = {
			isa = PBXGroup;
			children = (
				0994280B2B4E8AF3003447CC /* MainView.swift */,
			);
			name = Main;
			sourceTree = "<group>";
		};
		0994281A2B4E8BA4003447CC /* Login */ = {
			isa = PBXGroup;
			children = (
				099428212B4E8C49003447CC /* LoginView.swift */,
				099428232B4E8C64003447CC /* BackgroudRectangle.swift */,
				099428272B4E8C82003447CC /* EmailAndPassword.swift */,
				099428292B4E8C8F003447CC /* LoginButton.swift */,
			);
			name = Login;
			sourceTree = "<group>";
		};
		0994281B2B4E8BAC003447CC /* Splash */ = {
			isa = PBXGroup;
			children = (
				0994281D2B4E8BED003447CC /* SplashView.swift */,
			);
			name = Splash;
			sourceTree = "<group>";
		};
		0994282B2B4E8C9C003447CC /* Utils */ = {
			isa = PBXGroup;
			children = (
				0994282D2B4E8CD7003447CC /* Regex.swift */,
				0994282F2B4E8D74003447CC /* NameSpace.swift */,
				099428312B4E8D8C003447CC /* LoginError.swift */,
				099428352B4E8DCA003447CC /* FocusField.swift */,
				0994283F2B4EF1AC003447CC /* EmailAndPasswordTextField.swift */,
			);
			path = Utils;
			sourceTree = "<group>";
		};
		0994282C2B4E8CC4003447CC /* Model */ = {
			isa = PBXGroup;
			children = (
				099428332B4E8DA4003447CC /* UserData.swift */,
			);
			path = Model;
			sourceTree = "<group>";
		};
		099428392B4E8DE9003447CC /* User */ = {
			isa = PBXGroup;
			children = (
				099428372B4E8DE2003447CC /* UserViewModel.swift */,
			);
			path = User;
			sourceTree = "<group>";
		};
		0994283A2B4E8DF3003447CC /* Login */ = {
			isa = PBXGroup;
			children = (
				0994283B2B4E8E06003447CC /* LoginViewModel.swift */,
			);
			path = Login;
			sourceTree = "<group>";
		};
/* End PBXGroup section */

/* Begin PBXNativeTarget section */
		099428052B4E8AF3003447CC /* EmailLoginPrac */ = {
			isa = PBXNativeTarget;
			buildConfigurationList = 099428142B4E8AF5003447CC /* Build configuration list for PBXNativeTarget "EmailLoginPrac" */;
			buildPhases = (
				099428022B4E8AF3003447CC /* Sources */,
				099428032B4E8AF3003447CC /* Frameworks */,
				099428042B4E8AF3003447CC /* Resources */,
			);
			buildRules = (
			);
			dependencies = (
			);
			name = EmailLoginPrac;
			productName = EmailLoginPrac;
			productReference = 099428062B4E8AF3003447CC /* EmailLoginPrac.app */;
			productType = "com.apple.product-type.application";
		};
/* End PBXNativeTarget section */

/* Begin PBXProject section */
		099427FE2B4E8AF3003447CC /* Project object */ = {
			isa = PBXProject;
			attributes = {
				BuildIndependentTargetsInParallel = 1;
				LastSwiftUpdateCheck = 1510;
				LastUpgradeCheck = 1510;
				TargetAttributes = {
					099428052B4E8AF3003447CC = {
						CreatedOnToolsVersion = 15.1;
					};
				};
			};
			buildConfigurationList = 099428012B4E8AF3003447CC /* Build configuration list for PBXProject "EmailLoginPrac" */;
			compatibilityVersion = "Xcode 14.0";
			developmentRegion = en;
			hasScannedForEncodings = 0;
			knownRegions = (
				en,
				Base,
			);
			mainGroup = 099427FD2B4E8AF3003447CC;
			productRefGroup = 099428072B4E8AF3003447CC /* Products */;
			projectDirPath = "";
			projectRoot = "";
			targets = (
				099428052B4E8AF3003447CC /* EmailLoginPrac */,
			);
		};
/* End PBXProject section */

/* Begin PBXResourcesBuildPhase section */
		099428042B4E8AF3003447CC /* Resources */ = {
			isa = PBXResourcesBuildPhase;
			buildActionMask = 2147483647;
			files = (
				0994283E2B4E8E5E003447CC /* Colors.xcassets in Resources */,
				099428112B4E8AF5003447CC /* Preview Assets.xcassets in Resources */,
				0994280E2B4E8AF5003447CC /* Assets.xcassets in Resources */,
			);
			runOnlyForDeploymentPostprocessing = 0;
		};
/* End PBXResourcesBuildPhase section */

/* Begin PBXSourcesBuildPhase section */
		099428022B4E8AF3003447CC /* Sources */ = {
			isa = PBXSourcesBuildPhase;
			buildActionMask = 2147483647;
			files = (
				099428342B4E8DA4003447CC /* UserData.swift in Sources */,
				099428402B4EF1AC003447CC /* EmailAndPasswordTextField.swift in Sources */,
				0994280C2B4E8AF3003447CC /* MainView.swift in Sources */,
				0994282E2B4E8CD7003447CC /* Regex.swift in Sources */,
				099428362B4E8DCA003447CC /* FocusField.swift in Sources */,
				0994283C2B4E8E06003447CC /* LoginViewModel.swift in Sources */,
				099428322B4E8D8C003447CC /* LoginError.swift in Sources */,
				0994282A2B4E8C8F003447CC /* LoginButton.swift in Sources */,
				0994280A2B4E8AF3003447CC /* EmailLoginPracApp.swift in Sources */,
				099428242B4E8C64003447CC /* BackgroudRectangle.swift in Sources */,
				099428202B4E8C29003447CC /* ContentView.swift in Sources */,
				099428222B4E8C49003447CC /* LoginView.swift in Sources */,
				099428302B4E8D74003447CC /* NameSpace.swift in Sources */,
				0994281E2B4E8BED003447CC /* SplashView.swift in Sources */,
				099428382B4E8DE2003447CC /* UserViewModel.swift in Sources */,
				099428282B4E8C82003447CC /* EmailAndPassword.swift in Sources */,
			);
			runOnlyForDeploymentPostprocessing = 0;
		};
/* End PBXSourcesBuildPhase section */

/* Begin XCBuildConfiguration section */
		099428122B4E8AF5003447CC /* Debug */ = {
			isa = XCBuildConfiguration;
			buildSettings = {
				ALWAYS_SEARCH_USER_PATHS = NO;
				ASSETCATALOG_COMPILER_GENERATE_SWIFT_ASSET_SYMBOL_EXTENSIONS = YES;
				CLANG_ANALYZER_NONNULL = YES;
				CLANG_ANALYZER_NUMBER_OBJECT_CONVERSION = YES_AGGRESSIVE;
				CLANG_CXX_LANGUAGE_STANDARD = "gnu++20";
				CLANG_ENABLE_MODULES = YES;
				CLANG_ENABLE_OBJC_ARC = YES;
				CLANG_ENABLE_OBJC_WEAK = YES;
				CLANG_WARN_BLOCK_CAPTURE_AUTORELEASING = YES;
				CLANG_WARN_BOOL_CONVERSION = YES;
				CLANG_WARN_COMMA = YES;
				CLANG_WARN_CONSTANT_CONVERSION = YES;
				CLANG_WARN_DEPRECATED_OBJC_IMPLEMENTATIONS = YES;
				CLANG_WARN_DIRECT_OBJC_ISA_USAGE = YES_ERROR;
				CLANG_WARN_DOCUMENTATION_COMMENTS = YES;
				CLANG_WARN_EMPTY_BODY = YES;
				CLANG_WARN_ENUM_CONVERSION = YES;
				CLANG_WARN_INFINITE_RECURSION = YES;
				CLANG_WARN_INT_CONVERSION = YES;
				CLANG_WARN_NON_LITERAL_NULL_CONVERSION = YES;
				CLANG_WARN_OBJC_IMPLICIT_RETAIN_SELF = YES;
				CLANG_WARN_OBJC_LITERAL_CONVERSION = YES;
				CLANG_WARN_OBJC_ROOT_CLASS = YES_ERROR;
				CLANG_WARN_QUOTED_INCLUDE_IN_FRAMEWORK_HEADER = YES;
				CLANG_WARN_RANGE_LOOP_ANALYSIS = YES;
				CLANG_WARN_STRICT_PROTOTYPES = YES;
				CLANG_WARN_SUSPICIOUS_MOVE = YES;
				CLANG_WARN_UNGUARDED_AVAILABILITY = YES_AGGRESSIVE;
				CLANG_WARN_UNREACHABLE_CODE = YES;
				CLANG_WARN__DUPLICATE_METHOD_MATCH = YES;
				COPY_PHASE_STRIP = NO;
				DEBUG_INFORMATION_FORMAT = dwarf;
				ENABLE_STRICT_OBJC_MSGSEND = YES;
				ENABLE_TESTABILITY = YES;
				ENABLE_USER_SCRIPT_SANDBOXING = YES;
				GCC_C_LANGUAGE_STANDARD = gnu17;
				GCC_DYNAMIC_NO_PIC = NO;
				GCC_NO_COMMON_BLOCKS = YES;
				GCC_OPTIMIZATION_LEVEL = 0;
				GCC_PREPROCESSOR_DEFINITIONS = (
					"DEBUG=1",
					"$(inherited)",
				);
				GCC_WARN_64_TO_32_BIT_CONVERSION = YES;
				GCC_WARN_ABOUT_RETURN_TYPE = YES_ERROR;
				GCC_WARN_UNDECLARED_SELECTOR = YES;
				GCC_WARN_UNINITIALIZED_AUTOS = YES_AGGRESSIVE;
				GCC_WARN_UNUSED_FUNCTION = YES;
				GCC_WARN_UNUSED_VARIABLE = YES;
				IPHONEOS_DEPLOYMENT_TARGET = 17.2;
				LOCALIZATION_PREFERS_STRING_CATALOGS = YES;
				MTL_ENABLE_DEBUG_INFO = INCLUDE_SOURCE;
				MTL_FAST_MATH = YES;
				ONLY_ACTIVE_ARCH = YES;
				SDKROOT = iphoneos;
				SWIFT_ACTIVE_COMPILATION_CONDITIONS = "DEBUG $(inherited)";
				SWIFT_OPTIMIZATION_LEVEL = "-Onone";
			};
			name = Debug;
		};
		099428132B4E8AF5003447CC /* Release */ = {
			isa = XCBuildConfiguration;
			buildSettings = {
				ALWAYS_SEARCH_USER_PATHS = NO;
				ASSETCATALOG_COMPILER_GENERATE_SWIFT_ASSET_SYMBOL_EXTENSIONS = YES;
				CLANG_ANALYZER_NONNULL = YES;
				CLANG_ANALYZER_NUMBER_OBJECT_CONVERSION = YES_AGGRESSIVE;
				CLANG_CXX_LANGUAGE_STANDARD = "gnu++20";
				CLANG_ENABLE_MODULES = YES;
				CLANG_ENABLE_OBJC_ARC = YES;
				CLANG_ENABLE_OBJC_WEAK = YES;
				CLANG_WARN_BLOCK_CAPTURE_AUTORELEASING = YES;
				CLANG_WARN_BOOL_CONVERSION = YES;
				CLANG_WARN_COMMA = YES;
				CLANG_WARN_CONSTANT_CONVERSION = YES;
				CLANG_WARN_DEPRECATED_OBJC_IMPLEMENTATIONS = YES;
				CLANG_WARN_DIRECT_OBJC_ISA_USAGE = YES_ERROR;
				CLANG_WARN_DOCUMENTATION_COMMENTS = YES;
				CLANG_WARN_EMPTY_BODY = YES;
				CLANG_WARN_ENUM_CONVERSION = YES;
				CLANG_WARN_INFINITE_RECURSION = YES;
				CLANG_WARN_INT_CONVERSION = YES;
				CLANG_WARN_NON_LITERAL_NULL_CONVERSION = YES;
				CLANG_WARN_OBJC_IMPLICIT_RETAIN_SELF = YES;
				CLANG_WARN_OBJC_LITERAL_CONVERSION = YES;
				CLANG_WARN_OBJC_ROOT_CLASS = YES_ERROR;
				CLANG_WARN_QUOTED_INCLUDE_IN_FRAMEWORK_HEADER = YES;
				CLANG_WARN_RANGE_LOOP_ANALYSIS = YES;
				CLANG_WARN_STRICT_PROTOTYPES = YES;
				CLANG_WARN_SUSPICIOUS_MOVE = YES;
				CLANG_WARN_UNGUARDED_AVAILABILITY = YES_AGGRESSIVE;
				CLANG_WARN_UNREACHABLE_CODE = YES;
				CLANG_WARN__DUPLICATE_METHOD_MATCH = YES;
				COPY_PHASE_STRIP = NO;
				DEBUG_INFORMATION_FORMAT = "dwarf-with-dsym";
				ENABLE_NS_ASSERTIONS = NO;
				ENABLE_STRICT_OBJC_MSGSEND = YES;
				ENABLE_USER_SCRIPT_SANDBOXING = YES;
				GCC_C_LANGUAGE_STANDARD = gnu17;
				GCC_NO_COMMON_BLOCKS = YES;
				GCC_WARN_64_TO_32_BIT_CONVERSION = YES;
				GCC_WARN_ABOUT_RETURN_TYPE = YES_ERROR;
				GCC_WARN_UNDECLARED_SELECTOR = YES;
				GCC_WARN_UNINITIALIZED_AUTOS = YES_AGGRESSIVE;
				GCC_WARN_UNUSED_FUNCTION = YES;
				GCC_WARN_UNUSED_VARIABLE = YES;
				IPHONEOS_DEPLOYMENT_TARGET = 17.2;
				LOCALIZATION_PREFERS_STRING_CATALOGS = YES;
				MTL_ENABLE_DEBUG_INFO = NO;
				MTL_FAST_MATH = YES;
				SDKROOT = iphoneos;
				SWIFT_COMPILATION_MODE = wholemodule;
				VALIDATE_PRODUCT = YES;
			};
			name = Release;
		};
		099428152B4E8AF5003447CC /* Debug */ = {
			isa = XCBuildConfiguration;
			buildSettings = {
				ASSETCATALOG_COMPILER_APPICON_NAME = AppIcon;
				ASSETCATALOG_COMPILER_GLOBAL_ACCENT_COLOR_NAME = AccentColor;
				CODE_SIGN_STYLE = Automatic;
				CURRENT_PROJECT_VERSION = 1;
				DEVELOPMENT_ASSET_PATHS = "\"EmailLoginPrac/Preview Content\"";
				DEVELOPMENT_TEAM = CT6J74BCFP;
				ENABLE_PREVIEWS = YES;
				GENERATE_INFOPLIST_FILE = YES;
				INFOPLIST_KEY_UIApplicationSceneManifest_Generation = YES;
				INFOPLIST_KEY_UIApplicationSupportsIndirectInputEvents = YES;
				INFOPLIST_KEY_UILaunchScreen_Generation = YES;
				INFOPLIST_KEY_UISupportedInterfaceOrientations_iPad = "UIInterfaceOrientationPortrait UIInterfaceOrientationPortraitUpsideDown UIInterfaceOrientationLandscapeLeft UIInterfaceOrientationLandscapeRight";
				INFOPLIST_KEY_UISupportedInterfaceOrientations_iPhone = "UIInterfaceOrientationPortrait UIInterfaceOrientationLandscapeLeft UIInterfaceOrientationLandscapeRight";
				IPHONEOS_DEPLOYMENT_TARGET = 16.0;
				LD_RUNPATH_SEARCH_PATHS = (
					"$(inherited)",
					"@executable_path/Frameworks",
				);
				MARKETING_VERSION = 1.0;
				PRODUCT_BUNDLE_IDENTIFIER = com.phang.EmailLoginPrac;
				PRODUCT_NAME = "$(TARGET_NAME)";
				SWIFT_EMIT_LOC_STRINGS = YES;
				SWIFT_VERSION = 5.0;
				TARGETED_DEVICE_FAMILY = "1,2";
			};
			name = Debug;
		};
		099428162B4E8AF5003447CC /* Release */ = {
			isa = XCBuildConfiguration;
			buildSettings = {
				ASSETCATALOG_COMPILER_APPICON_NAME = AppIcon;
				ASSETCATALOG_COMPILER_GLOBAL_ACCENT_COLOR_NAME = AccentColor;
				CODE_SIGN_STYLE = Automatic;
				CURRENT_PROJECT_VERSION = 1;
				DEVELOPMENT_ASSET_PATHS = "\"EmailLoginPrac/Preview Content\"";
				DEVELOPMENT_TEAM = CT6J74BCFP;
				ENABLE_PREVIEWS = YES;
				GENERATE_INFOPLIST_FILE = YES;
				INFOPLIST_KEY_UIApplicationSceneManifest_Generation = YES;
				INFOPLIST_KEY_UIApplicationSupportsIndirectInputEvents = YES;
				INFOPLIST_KEY_UILaunchScreen_Generation = YES;
				INFOPLIST_KEY_UISupportedInterfaceOrientations_iPad = "UIInterfaceOrientationPortrait UIInterfaceOrientationPortraitUpsideDown UIInterfaceOrientationLandscapeLeft UIInterfaceOrientationLandscapeRight";
				INFOPLIST_KEY_UISupportedInterfaceOrientations_iPhone = "UIInterfaceOrientationPortrait UIInterfaceOrientationLandscapeLeft UIInterfaceOrientationLandscapeRight";
				IPHONEOS_DEPLOYMENT_TARGET = 16.0;
				LD_RUNPATH_SEARCH_PATHS = (
					"$(inherited)",
					"@executable_path/Frameworks",
				);
				MARKETING_VERSION = 1.0;
				PRODUCT_BUNDLE_IDENTIFIER = com.phang.EmailLoginPrac;
				PRODUCT_NAME = "$(TARGET_NAME)";
				SWIFT_EMIT_LOC_STRINGS = YES;
				SWIFT_VERSION = 5.0;
				TARGETED_DEVICE_FAMILY = "1,2";
			};
			name = Release;
		};
/* End XCBuildConfiguration section */

/* Begin XCConfigurationList section */
		099428012B4E8AF3003447CC /* Build configuration list for PBXProject "EmailLoginPrac" */ = {
			isa = XCConfigurationList;
			buildConfigurations = (
				099428122B4E8AF5003447CC /* Debug */,
				099428132B4E8AF5003447CC /* Release */,
			);
			defaultConfigurationIsVisible = 0;
			defaultConfigurationName = Release;
		};
		099428142B4E8AF5003447CC /* Build configuration list for PBXNativeTarget "EmailLoginPrac" */ = {
			isa = XCConfigurationList;
			buildConfigurations = (
				099428152B4E8AF5003447CC /* Debug */,
				099428162B4E8AF5003447CC /* Release */,
			);
			defaultConfigurationIsVisible = 0;
			defaultConfigurationName = Release;
		};
/* End XCConfigurationList section */
	};
	rootObject = 099427FE2B4E8AF3003447CC /* Project object */;
}
